// !$*UTF8*$!
{
	archiveVersion = 1;
	classes = {
	};
	objectVersion = 56;
	objects = {

/* Begin PBXBuildFile section */
		3728775C2BF61D12001D8512 /* MorseRelayApp.swift in Sources */ = {isa = PBXBuildFile; fileRef = 3728775B2BF61D12001D8512 /* MorseRelayApp.swift */; };
		372877602BF61D13001D8512 /* Assets.xcassets in Resources */ = {isa = PBXBuildFile; fileRef = 3728775F2BF61D13001D8512 /* Assets.xcassets */; };
		372877632BF61D13001D8512 /* Preview Assets.xcassets in Resources */ = {isa = PBXBuildFile; fileRef = 372877622BF61D13001D8512 /* Preview Assets.xcassets */; };
		37DF29852BF6204E00DF756E /* App in Frameworks */ = {isa = PBXBuildFile; productRef = 37DF29842BF6204E00DF756E /* App */; };
/* End PBXBuildFile section */

/* Begin PBXFileReference section */
		370ED8932C20D7C000E251AB /* README.md */ = {isa = PBXFileReference; lastKnownFileType = net.daringfireball.markdown; path = README.md; sourceTree = "<group>"; };
		372877582BF61D12001D8512 /* Morse Relay.app */ = {isa = PBXFileReference; explicitFileType = wrapper.application; includeInIndex = 0; path = "Morse Relay.app"; sourceTree = BUILT_PRODUCTS_DIR; };
		3728775B2BF61D12001D8512 /* MorseRelayApp.swift */ = {isa = PBXFileReference; lastKnownFileType = sourcecode.swift; path = MorseRelayApp.swift; sourceTree = "<group>"; };
		3728775F2BF61D13001D8512 /* Assets.xcassets */ = {isa = PBXFileReference; lastKnownFileType = folder.assetcatalog; path = Assets.xcassets; sourceTree = "<group>"; };
		372877622BF61D13001D8512 /* Preview Assets.xcassets */ = {isa = PBXFileReference; lastKnownFileType = folder.assetcatalog; path = "Preview Assets.xcassets"; sourceTree = "<group>"; };
		372877692BF61E20001D8512 /* MorseRelay */ = {isa = PBXFileReference; lastKnownFileType = wrapper; path = MorseRelay; sourceTree = "<group>"; };
		377F4CBD2C1034F500366EEA /* Info.plist */ = {isa = PBXFileReference; lastKnownFileType = text.plist.xml; path = Info.plist; sourceTree = "<group>"; };
		37A0EC952CB81D0600E8BDEE /* CHANGELOG.md */ = {isa = PBXFileReference; lastKnownFileType = net.daringfireball.markdown; path = CHANGELOG.md; sourceTree = "<group>"; };
		37BE559E2C03C87200B35E91 /* Project.xcconfig */ = {isa = PBXFileReference; lastKnownFileType = text.xcconfig; name = Project.xcconfig; path = Configuration/Project.xcconfig; sourceTree = "<group>"; };
		37DF29862BF620C800DF756E /* App.xcconfig */ = {isa = PBXFileReference; lastKnownFileType = text.xcconfig; path = App.xcconfig; sourceTree = "<group>"; };
		37DF29872BF6210000DF756E /* Release.xcconfig */ = {isa = PBXFileReference; lastKnownFileType = text.xcconfig; path = Release.xcconfig; sourceTree = "<group>"; };
		37DF29882BF6211000DF756E /* Debug.xcconfig */ = {isa = PBXFileReference; lastKnownFileType = text.xcconfig; path = Debug.xcconfig; sourceTree = "<group>"; };
		37DF298A2BF6237800DF756E /* Debug.xcconfig */ = {isa = PBXFileReference; lastKnownFileType = text.xcconfig; name = Debug.xcconfig; path = Configuration/Debug.xcconfig; sourceTree = "<group>"; };
		37DF298B2BF6238800DF756E /* Release.xcconfig */ = {isa = PBXFileReference; lastKnownFileType = text.xcconfig; name = Release.xcconfig; path = Configuration/Release.xcconfig; sourceTree = "<group>"; };
/* End PBXFileReference section */

/* Begin PBXFrameworksBuildPhase section */
		372877552BF61D12001D8512 /* Frameworks */ = {
			isa = PBXFrameworksBuildPhase;
			buildActionMask = 2147483647;
			files = (
				37DF29852BF6204E00DF756E /* App in Frameworks */,
			);
			runOnlyForDeploymentPostprocessing = 0;
		};
/* End PBXFrameworksBuildPhase section */

/* Begin PBXGroup section */
		3728774F2BF61D12001D8512 = {
			isa = PBXGroup;
			children = (
				370ED8932C20D7C000E251AB /* README.md */,
				37A0EC952CB81D0600E8BDEE /* CHANGELOG.md */,
				372877692BF61E20001D8512 /* MorseRelay */,
				3728775A2BF61D12001D8512 /* Resources */,
				372877592BF61D12001D8512 /* Products */,
				37DF29832BF6204E00DF756E /* Frameworks */,
				37BE559D2C03C83B00B35E91 /* Configuration */,
			);
			sourceTree = "<group>";
		};
		372877592BF61D12001D8512 /* Products */ = {
			isa = PBXGroup;
			children = (
				372877582BF61D12001D8512 /* Morse Relay.app */,
			);
			name = Products;
			sourceTree = "<group>";
		};
		3728775A2BF61D12001D8512 /* Resources */ = {
			isa = PBXGroup;
			children = (
				377F4CBD2C1034F500366EEA /* Info.plist */,
				37CF3CE12BFBBB71008D6CFB /* Configuration */,
				3728775B2BF61D12001D8512 /* MorseRelayApp.swift */,
				3728775F2BF61D13001D8512 /* Assets.xcassets */,
				372877612BF61D13001D8512 /* Preview Content */,
			);
			path = Resources;
			sourceTree = "<group>";
		};
		372877612BF61D13001D8512 /* Preview Content */ = {
			isa = PBXGroup;
			children = (
				372877622BF61D13001D8512 /* Preview Assets.xcassets */,
			);
			path = "Preview Content";
			sourceTree = "<group>";
		};
		37BE559D2C03C83B00B35E91 /* Configuration */ = {
			isa = PBXGroup;
			children = (
				37BE559E2C03C87200B35E91 /* Project.xcconfig */,
				37DF298A2BF6237800DF756E /* Debug.xcconfig */,
				37DF298B2BF6238800DF756E /* Release.xcconfig */,
			);
			name = Configuration;
			sourceTree = "<group>";
		};
		37CF3CE12BFBBB71008D6CFB /* Configuration */ = {
			isa = PBXGroup;
			children = (
				37DF29862BF620C800DF756E /* App.xcconfig */,
				37DF29872BF6210000DF756E /* Release.xcconfig */,
				37DF29882BF6211000DF756E /* Debug.xcconfig */,
			);
			path = Configuration;
			sourceTree = "<group>";
		};
		37DF29832BF6204E00DF756E /* Frameworks */ = {
			isa = PBXGroup;
			children = (
			);
			name = Frameworks;
			sourceTree = "<group>";
		};
/* End PBXGroup section */

/* Begin PBXNativeTarget section */
		372877572BF61D12001D8512 /* Morse Relay */ = {
			isa = PBXNativeTarget;
			buildConfigurationList = 372877662BF61D13001D8512 /* Build configuration list for PBXNativeTarget "Morse Relay" */;
			buildPhases = (
				372877542BF61D12001D8512 /* Sources */,
				372877552BF61D12001D8512 /* Frameworks */,
				372877562BF61D12001D8512 /* Resources */,
			);
			buildRules = (
			);
			dependencies = (
			);
			name = "Morse Relay";
			packageProductDependencies = (
				37DF29842BF6204E00DF756E /* App */,
			);
			productName = MorseRelay;
			productReference = 372877582BF61D12001D8512 /* Morse Relay.app */;
			productType = "com.apple.product-type.application";
		};
/* End PBXNativeTarget section */

/* Begin PBXProject section */
		372877502BF61D12001D8512 /* Project object */ = {
			isa = PBXProject;
			attributes = {
				BuildIndependentTargetsInParallel = 1;
				LastSwiftUpdateCheck = 1540;
				LastUpgradeCheck = 1540;
				TargetAttributes = {
					372877572BF61D12001D8512 = {
						CreatedOnToolsVersion = 15.4;
					};
				};
			};
			buildConfigurationList = 372877532BF61D12001D8512 /* Build configuration list for PBXProject "MorseRelay" */;
			compatibilityVersion = "Xcode 14.0";
			developmentRegion = en;
			hasScannedForEncodings = 0;
			knownRegions = (
				en,
				Base,
			);
			mainGroup = 3728774F2BF61D12001D8512;
			productRefGroup = 372877592BF61D12001D8512 /* Products */;
			projectDirPath = "";
			projectRoot = "";
			targets = (
				372877572BF61D12001D8512 /* Morse Relay */,
			);
		};
/* End PBXProject section */

/* Begin PBXResourcesBuildPhase section */
		372877562BF61D12001D8512 /* Resources */ = {
			isa = PBXResourcesBuildPhase;
			buildActionMask = 2147483647;
			files = (
				372877632BF61D13001D8512 /* Preview Assets.xcassets in Resources */,
				372877602BF61D13001D8512 /* Assets.xcassets in Resources */,
			);
			runOnlyForDeploymentPostprocessing = 0;
		};
/* End PBXResourcesBuildPhase section */

/* Begin PBXSourcesBuildPhase section */
		372877542BF61D12001D8512 /* Sources */ = {
			isa = PBXSourcesBuildPhase;
			buildActionMask = 2147483647;
			files = (
				3728775C2BF61D12001D8512 /* MorseRelayApp.swift in Sources */,
			);
			runOnlyForDeploymentPostprocessing = 0;
		};
/* End PBXSourcesBuildPhase section */

/* Begin XCBuildConfiguration section */
		372877642BF61D13001D8512 /* Debug */ = {
			isa = XCBuildConfiguration;
			baseConfigurationReference = 37DF298A2BF6237800DF756E /* Debug.xcconfig */;
			buildSettings = {
			};
			name = Debug;
		};
		372877652BF61D13001D8512 /* Release */ = {
			isa = XCBuildConfiguration;
			baseConfigurationReference = 37DF298B2BF6238800DF756E /* Release.xcconfig */;
			buildSettings = {
			};
			name = Release;
		};
		372877672BF61D13001D8512 /* Debug */ = {
			isa = XCBuildConfiguration;
			baseConfigurationReference = 37DF29882BF6211000DF756E /* Debug.xcconfig */;
			buildSettings = {
			};
			name = Debug;
		};
		372877682BF61D13001D8512 /* Release */ = {
			isa = XCBuildConfiguration;
			baseConfigurationReference = 37DF29872BF6210000DF756E /* Release.xcconfig */;
			buildSettings = {
			};
			name = Release;
		};
/* End XCBuildConfiguration section */

/* Begin XCConfigurationList section */
		372877532BF61D12001D8512 /* Build configuration list for PBXProject "MorseRelay" */ = {
			isa = XCConfigurationList;
			buildConfigurations = (
				372877642BF61D13001D8512 /* Debug */,
				372877652BF61D13001D8512 /* Release */,
			);
			defaultConfigurationIsVisible = 0;
			defaultConfigurationName = Release;
		};
		372877662BF61D13001D8512 /* Build configuration list for PBXNativeTarget "Morse Relay" */ = {
			isa = XCConfigurationList;
			buildConfigurations = (
				372877672BF61D13001D8512 /* Debug */,
				372877682BF61D13001D8512 /* Release */,
			);
			defaultConfigurationIsVisible = 0;
			defaultConfigurationName = Release;
		};
/* End XCConfigurationList section */

/* Begin XCSwiftPackageProductDependency section */
		37DF29842BF6204E00DF756E /* App */ = {
			isa = XCSwiftPackageProductDependency;
			productName = App;
		};
/* End XCSwiftPackageProductDependency section */
	};
	rootObject = 372877502BF61D12001D8512 /* Project object */;
}
