{
  "originHash" : "d86cfc902a47e320e94b5bfd63c54c623fd7e51b474c6055fd298388550de72f",
  "pins" : [
    {
      "identity" : "opencv-spm",
      "kind" : "remoteSourceControl",
      "location" : "https://github.com/yeatse/opencv-spm",
      "state" : {
        "revision" : "ed61dc59456dce41d36de0817a89e367c1bf8849",
        "version" : "4.10.0+4"
      }
    }
  ],
  "version" : 3
}
